
Microsoft Visual Studio Solution File, Format Version 12.00
# Visual Studio 15
VisualStudioVersion = 15.0.28010.2026
MinimumVisualStudioVersion = 10.0.40219.1
Project("{FAE04EC0-301F-11D3-BF4B-00C04F79EFBC}") = "Task01", "Task01\Task01.csproj", "{65BBA82E-FBB2-46E1-9EF1-AA7F658D4BC7}"
EndProject
Global
	GlobalSection(SolutionConfigurationPlatforms) = preSolution
		Debug|Any CPU = Debug|Any CPU
		Release|Any CPU = Release|Any CPU
	EndGlobalSection
	GlobalSection(ProjectConfigurationPlatforms) = postSolution
		{65BBA82E-FBB2-46E1-9EF1-AA7F658D4BC7}.Debug|Any CPU.ActiveCfg = Debug|Any CPU
		{65BBA82E-FBB2-46E1-9EF1-AA7F658D4BC7}.Debug|Any CPU.Build.0 = Debug|Any CPU
		{65BBA82E-FBB2-46E1-9EF1-AA7F658D4BC7}.Release|Any CPU.ActiveCfg = Release|Any CPU
		{65BBA82E-FBB2-46E1-9EF1-AA7F658D4BC7}.Release|Any CPU.Build.0 = Release|Any CPU
	EndGlobalSection
	GlobalSection(SolutionProperties) = preSolution
		HideSolutionNode = FALSE
	EndGlobalSection
	GlobalSection(ExtensibilityGlobals) = postSolution
		SolutionGuid = {F360CCF9-C123-4BD9-A310-3BFD8A820114}
	EndGlobalSection
EndGlobal
